// !$*UTF8*$!
{
	archiveVersion = 1;
	classes = {
	};
	objectVersion = 46;
	objects = {

/* Begin PBXBuildFile section */
		14E1A66019D84A4700A198A8 /* main.m in Sources */ = {isa = PBXBuildFile; fileRef = 14E1A65F19D84A4700A198A8 /* main.m */; };
		14E1A66319D84A4700A198A8 /* AppDelegate.m in Sources */ = {isa = PBXBuildFile; fileRef = 14E1A66219D84A4700A198A8 /* AppDelegate.m */; };
		14E1A66619D84A4700A198A8 /* ViewController.m in Sources */ = {isa = PBXBuildFile; fileRef = 14E1A66519D84A4700A198A8 /* ViewController.m */; };
		14E1A66919D84A4700A198A8 /* Main.storyboard in Resources */ = {isa = PBXBuildFile; fileRef = 14E1A66719D84A4700A198A8 /* Main.storyboard */; };
		14E1A66B19D84A4700A198A8 /* Images.xcassets in Resources */ = {isa = PBXBuildFile; fileRef = 14E1A66A19D84A4700A198A8 /* Images.xcassets */; };
		14E1A66E19D84A4700A198A8 /* LaunchScreen.xib in Resources */ = {isa = PBXBuildFile; fileRef = 14E1A66C19D84A4700A198A8 /* LaunchScreen.xib */; };
		14E1A67A19D84A4700A198A8 /* InspectCoreTextTests.m in Sources */ = {isa = PBXBuildFile; fileRef = 14E1A67919D84A4700A198A8 /* InspectCoreTextTests.m */; };
		14E1A68919D84AFD00A198A8 /* BadTestView.m in Sources */ = {isa = PBXBuildFile; fileRef = 14E1A68419D84AFD00A198A8 /* BadTestView.m */; };
		14E1A68A19D84AFD00A198A8 /* InspectTestView.m in Sources */ = {isa = PBXBuildFile; fileRef = 14E1A68619D84AFD00A198A8 /* InspectTestView.m */; };
		14E1A68B19D84AFD00A198A8 /* TestView.m in Sources */ = {isa = PBXBuildFile; fileRef = 14E1A68819D84AFD00A198A8 /* TestView.m */; };
		14F84D5519DA42B80043A28E /* ViewController2.m in Sources */ = {isa = PBXBuildFile; fileRef = 14F84D5419DA42B80043A28E /* ViewController2.m */; };
/* End PBXBuildFile section */

/* Begin PBXContainerItemProxy section */
		14E1A67419D84A4700A198A8 /* PBXContainerItemProxy */ = {
			isa = PBXContainerItemProxy;
			containerPortal = 14E1A65219D84A4700A198A8 /* Project object */;
			proxyType = 1;
			remoteGlobalIDString = 14E1A65919D84A4700A198A8;
			remoteInfo = InspectCoreText;
		};
/* End PBXContainerItemProxy section */

/* Begin PBXFileReference section */
		14E1A65A19D84A4700A198A8 /* InspectCoreText.app */ = {isa = PBXFileReference; explicitFileType = wrapper.application; includeInIndex = 0; path = InspectCoreText.app; sourceTree = BUILT_PRODUCTS_DIR; };
		14E1A65E19D84A4700A198A8 /* Info.plist */ = {isa = PBXFileReference; lastKnownFileType = text.plist.xml; path = Info.plist; sourceTree = "<group>"; };
		14E1A65F19D84A4700A198A8 /* main.m */ = {isa = PBXFileReference; lastKnownFileType = sourcecode.c.objc; path = main.m; sourceTree = "<group>"; };
		14E1A66119D84A4700A198A8 /* AppDelegate.h */ = {isa = PBXFileReference; lastKnownFileType = sourcecode.c.h; path = AppDelegate.h; sourceTree = "<group>"; };
		14E1A66219D84A4700A198A8 /* AppDelegate.m */ = {isa = PBXFileReference; lastKnownFileType = sourcecode.c.objc; path = AppDelegate.m; sourceTree = "<group>"; };
		14E1A66419D84A4700A198A8 /* ViewController.h */ = {isa = PBXFileReference; lastKnownFileType = sourcecode.c.h; path = ViewController.h; sourceTree = "<group>"; };
		14E1A66519D84A4700A198A8 /* ViewController.m */ = {isa = PBXFileReference; lastKnownFileType = sourcecode.c.objc; path = ViewController.m; sourceTree = "<group>"; };
		14E1A66819D84A4700A198A8 /* Base */ = {isa = PBXFileReference; lastKnownFileType = file.storyboard; name = Base; path = Base.lproj/Main.storyboard; sourceTree = "<group>"; };
		14E1A66A19D84A4700A198A8 /* Images.xcassets */ = {isa = PBXFileReference; lastKnownFileType = folder.assetcatalog; path = Images.xcassets; sourceTree = "<group>"; };
		14E1A66D19D84A4700A198A8 /* Base */ = {isa = PBXFileReference; lastKnownFileType = file.xib; name = Base; path = Base.lproj/LaunchScreen.xib; sourceTree = "<group>"; };
		14E1A67319D84A4700A198A8 /* InspectCoreTextTests.xctest */ = {isa = PBXFileReference; explicitFileType = wrapper.cfbundle; includeInIndex = 0; path = InspectCoreTextTests.xctest; sourceTree = BUILT_PRODUCTS_DIR; };
		14E1A67819D84A4700A198A8 /* Info.plist */ = {isa = PBXFileReference; lastKnownFileType = text.plist.xml; path = Info.plist; sourceTree = "<group>"; };
		14E1A67919D84A4700A198A8 /* InspectCoreTextTests.m */ = {isa = PBXFileReference; lastKnownFileType = sourcecode.c.objc; path = InspectCoreTextTests.m; sourceTree = "<group>"; };
		14E1A68319D84AFD00A198A8 /* BadTestView.h */ = {isa = PBXFileReference; fileEncoding = 4; lastKnownFileType = sourcecode.c.h; path = BadTestView.h; sourceTree = "<group>"; };
		14E1A68419D84AFD00A198A8 /* BadTestView.m */ = {isa = PBXFileReference; fileEncoding = 4; lastKnownFileType = sourcecode.c.objc; path = BadTestView.m; sourceTree = "<group>"; };
		14E1A68519D84AFD00A198A8 /* InspectTestView.h */ = {isa = PBXFileReference; fileEncoding = 4; lastKnownFileType = sourcecode.c.h; path = InspectTestView.h; sourceTree = "<group>"; };
		14E1A68619D84AFD00A198A8 /* InspectTestView.m */ = {isa = PBXFileReference; fileEncoding = 4; lastKnownFileType = sourcecode.c.objc; path = InspectTestView.m; sourceTree = "<group>"; };
		14E1A68719D84AFD00A198A8 /* TestView.h */ = {isa = PBXFileReference; fileEncoding = 4; lastKnownFileType = sourcecode.c.h; path = TestView.h; sourceTree = "<group>"; };
		14E1A68819D84AFD00A198A8 /* TestView.m */ = {isa = PBXFileReference; fileEncoding = 4; lastKnownFileType = sourcecode.c.objc; path = TestView.m; sourceTree = "<group>"; };
		14F84D5319DA42B80043A28E /* ViewController2.h */ = {isa = PBXFileReference; fileEncoding = 4; lastKnownFileType = sourcecode.c.h; path = ViewController2.h; sourceTree = "<group>"; };
		14F84D5419DA42B80043A28E /* ViewController2.m */ = {isa = PBXFileReference; fileEncoding = 4; lastKnownFileType = sourcecode.c.objc; path = ViewController2.m; sourceTree = "<group>"; };
/* End PBXFileReference section */

/* Begin PBXFrameworksBuildPhase section */
		14E1A65719D84A4700A198A8 /* Frameworks */ = {
			isa = PBXFrameworksBuildPhase;
			buildActionMask = 2147483647;
			files = (
			);
			runOnlyForDeploymentPostprocessing = 0;
		};
		14E1A67019D84A4700A198A8 /* Frameworks */ = {
			isa = PBXFrameworksBuildPhase;
			buildActionMask = 2147483647;
			files = (
			);
			runOnlyForDeploymentPostprocessing = 0;
		};
/* End PBXFrameworksBuildPhase section */

/* Begin PBXGroup section */
		14E1A65119D84A4700A198A8 = {
			isa = PBXGroup;
			children = (
				14E1A65C19D84A4700A198A8 /* InspectCoreText */,
				14E1A67619D84A4700A198A8 /* InspectCoreTextTests */,
				14E1A65B19D84A4700A198A8 /* Products */,
			);
			sourceTree = "<group>";
		};
		14E1A65B19D84A4700A198A8 /* Products */ = {
			isa = PBXGroup;
			children = (
				14E1A65A19D84A4700A198A8 /* InspectCoreText.app */,
				14E1A67319D84A4700A198A8 /* InspectCoreTextTests.xctest */,
			);
			name = Products;
			sourceTree = "<group>";
		};
		14E1A65C19D84A4700A198A8 /* InspectCoreText */ = {
			isa = PBXGroup;
			children = (
				14E1A68719D84AFD00A198A8 /* TestView.h */,
				14E1A68819D84AFD00A198A8 /* TestView.m */,
				14E1A68319D84AFD00A198A8 /* BadTestView.h */,
				14E1A68419D84AFD00A198A8 /* BadTestView.m */,
				14E1A68519D84AFD00A198A8 /* InspectTestView.h */,
				14E1A68619D84AFD00A198A8 /* InspectTestView.m */,
				14E1A66119D84A4700A198A8 /* AppDelegate.h */,
				14E1A66219D84A4700A198A8 /* AppDelegate.m */,
				14E1A66419D84A4700A198A8 /* ViewController.h */,
				14E1A66519D84A4700A198A8 /* ViewController.m */,
				14F84D5319DA42B80043A28E /* ViewController2.h */,
				14F84D5419DA42B80043A28E /* ViewController2.m */,
				14E1A66719D84A4700A198A8 /* Main.storyboard */,
				14E1A66A19D84A4700A198A8 /* Images.xcassets */,
				14E1A66C19D84A4700A198A8 /* LaunchScreen.xib */,
				14E1A65D19D84A4700A198A8 /* Supporting Files */,
			);
			path = InspectCoreText;
			sourceTree = "<group>";
		};
		14E1A65D19D84A4700A198A8 /* Supporting Files */ = {
			isa = PBXGroup;
			children = (
				14E1A65E19D84A4700A198A8 /* Info.plist */,
				14E1A65F19D84A4700A198A8 /* main.m */,
			);
			name = "Supporting Files";
			sourceTree = "<group>";
		};
		14E1A67619D84A4700A198A8 /* InspectCoreTextTests */ = {
			isa = PBXGroup;
			children = (
				14E1A67919D84A4700A198A8 /* InspectCoreTextTests.m */,
				14E1A67719D84A4700A198A8 /* Supporting Files */,
			);
			path = InspectCoreTextTests;
			sourceTree = "<group>";
		};
		14E1A67719D84A4700A198A8 /* Supporting Files */ = {
			isa = PBXGroup;
			children = (
				14E1A67819D84A4700A198A8 /* Info.plist */,
			);
			name = "Supporting Files";
			sourceTree = "<group>";
		};
/* End PBXGroup section */

/* Begin PBXNativeTarget section */
		14E1A65919D84A4700A198A8 /* InspectCoreText */ = {
			isa = PBXNativeTarget;
			buildConfigurationList = 14E1A67D19D84A4700A198A8 /* Build configuration list for PBXNativeTarget "InspectCoreText" */;
			buildPhases = (
				14E1A65619D84A4700A198A8 /* Sources */,
				14E1A65719D84A4700A198A8 /* Frameworks */,
				14E1A65819D84A4700A198A8 /* Resources */,
			);
			buildRules = (
			);
			dependencies = (
			);
			name = InspectCoreText;
			productName = InspectCoreText;
			productReference = 14E1A65A19D84A4700A198A8 /* InspectCoreText.app */;
			productType = "com.apple.product-type.application";
		};
		14E1A67219D84A4700A198A8 /* InspectCoreTextTests */ = {
			isa = PBXNativeTarget;
			buildConfigurationList = 14E1A68019D84A4700A198A8 /* Build configuration list for PBXNativeTarget "InspectCoreTextTests" */;
			buildPhases = (
				14E1A66F19D84A4700A198A8 /* Sources */,
				14E1A67019D84A4700A198A8 /* Frameworks */,
				14E1A67119D84A4700A198A8 /* Resources */,
			);
			buildRules = (
			);
			dependencies = (
				14E1A67519D84A4700A198A8 /* PBXTargetDependency */,
			);
			name = InspectCoreTextTests;
			productName = InspectCoreTextTests;
			productReference = 14E1A67319D84A4700A198A8 /* InspectCoreTextTests.xctest */;
			productType = "com.apple.product-type.bundle.unit-test";
		};
/* End PBXNativeTarget section */

/* Begin PBXProject section */
		14E1A65219D84A4700A198A8 /* Project object */ = {
			isa = PBXProject;
			attributes = {
				LastUpgradeCheck = 0610;
				ORGANIZATIONNAME = sonson;
				TargetAttributes = {
					14E1A65919D84A4700A198A8 = {
						CreatedOnToolsVersion = 6.1;
					};
					14E1A67219D84A4700A198A8 = {
						CreatedOnToolsVersion = 6.1;
						TestTargetID = 14E1A65919D84A4700A198A8;
					};
				};
			};
			buildConfigurationList = 14E1A65519D84A4700A198A8 /* Build configuration list for PBXProject "InspectCoreText" */;
			compatibilityVersion = "Xcode 3.2";
			developmentRegion = English;
			hasScannedForEncodings = 0;
			knownRegions = (
				en,
				Base,
			);
			mainGroup = 14E1A65119D84A4700A198A8;
			productRefGroup = 14E1A65B19D84A4700A198A8 /* Products */;
			projectDirPath = "";
			projectRoot = "";
			targets = (
				14E1A65919D84A4700A198A8 /* InspectCoreText */,
				14E1A67219D84A4700A198A8 /* InspectCoreTextTests */,
			);
		};
/* End PBXProject section */

/* Begin PBXResourcesBuildPhase section */
		14E1A65819D84A4700A198A8 /* Resources */ = {
			isa = PBXResourcesBuildPhase;
			buildActionMask = 2147483647;
			files = (
				14E1A66919D84A4700A198A8 /* Main.storyboard in Resources */,
				14E1A66E19D84A4700A198A8 /* LaunchScreen.xib in Resources */,
				14E1A66B19D84A4700A198A8 /* Images.xcassets in Resources */,
			);
			runOnlyForDeploymentPostprocessing = 0;
		};
		14E1A67119D84A4700A198A8 /* Resources */ = {
			isa = PBXResourcesBuildPhase;
			buildActionMask = 2147483647;
			files = (
			);
			runOnlyForDeploymentPostprocessing = 0;
		};
/* End PBXResourcesBuildPhase section */

/* Begin PBXSourcesBuildPhase section */
		14E1A65619D84A4700A198A8 /* Sources */ = {
			isa = PBXSourcesBuildPhase;
			buildActionMask = 2147483647;
			files = (
				14F84D5519DA42B80043A28E /* ViewController2.m in Sources */,
				14E1A66619D84A4700A198A8 /* ViewController.m in Sources */,
				14E1A66319D84A4700A198A8 /* AppDelegate.m in Sources */,
				14E1A68919D84AFD00A198A8 /* BadTestView.m in Sources */,
				14E1A66019D84A4700A198A8 /* main.m in Sources */,
				14E1A68B19D84AFD00A198A8 /* TestView.m in Sources */,
				14E1A68A19D84AFD00A198A8 /* InspectTestView.m in Sources */,
			);
			runOnlyForDeploymentPostprocessing = 0;
		};
		14E1A66F19D84A4700A198A8 /* Sources */ = {
			isa = PBXSourcesBuildPhase;
			buildActionMask = 2147483647;
			files = (
				14E1A67A19D84A4700A198A8 /* InspectCoreTextTests.m in Sources */,
			);
			runOnlyForDeploymentPostprocessing = 0;
		};
/* End PBXSourcesBuildPhase section */

/* Begin PBXTargetDependency section */
		14E1A67519D84A4700A198A8 /* PBXTargetDependency */ = {
			isa = PBXTargetDependency;
			target = 14E1A65919D84A4700A198A8 /* InspectCoreText */;
			targetProxy = 14E1A67419D84A4700A198A8 /* PBXContainerItemProxy */;
		};
/* End PBXTargetDependency section */

/* Begin PBXVariantGroup section */
		14E1A66719D84A4700A198A8 /* Main.storyboard */ = {
			isa = PBXVariantGroup;
			children = (
				14E1A66819D84A4700A198A8 /* Base */,
			);
			name = Main.storyboard;
			sourceTree = "<group>";
		};
		14E1A66C19D84A4700A198A8 /* LaunchScreen.xib */ = {
			isa = PBXVariantGroup;
			children = (
				14E1A66D19D84A4700A198A8 /* Base */,
			);
			name = LaunchScreen.xib;
			sourceTree = "<group>";
		};
/* End PBXVariantGroup section */

/* Begin XCBuildConfiguration section */
		14E1A67B19D84A4700A198A8 /* Debug */ = {
			isa = XCBuildConfiguration;
			buildSettings = {
				ALWAYS_SEARCH_USER_PATHS = NO;
				CLANG_CXX_LANGUAGE_STANDARD = "gnu++0x";
				CLANG_CXX_LIBRARY = "libc++";
				CLANG_ENABLE_MODULES = YES;
				CLANG_ENABLE_OBJC_ARC = YES;
				CLANG_WARN_BOOL_CONVERSION = YES;
				CLANG_WARN_CONSTANT_CONVERSION = YES;
				CLANG_WARN_DIRECT_OBJC_ISA_USAGE = YES_ERROR;
				CLANG_WARN_EMPTY_BODY = YES;
				CLANG_WARN_ENUM_CONVERSION = YES;
				CLANG_WARN_INT_CONVERSION = YES;
				CLANG_WARN_OBJC_ROOT_CLASS = YES_ERROR;
				CLANG_WARN_UNREACHABLE_CODE = YES;
				CLANG_WARN__DUPLICATE_METHOD_MATCH = YES;
				"CODE_SIGN_IDENTITY[sdk=iphoneos*]" = "iPhone Developer";
				COPY_PHASE_STRIP = NO;
				ENABLE_STRICT_OBJC_MSGSEND = YES;
				GCC_C_LANGUAGE_STANDARD = gnu99;
				GCC_DYNAMIC_NO_PIC = NO;
				GCC_OPTIMIZATION_LEVEL = 0;
				GCC_PREPROCESSOR_DEFINITIONS = (
					"DEBUG=1",
					"$(inherited)",
				);
				GCC_SYMBOLS_PRIVATE_EXTERN = NO;
				GCC_WARN_64_TO_32_BIT_CONVERSION = YES;
				GCC_WARN_ABOUT_RETURN_TYPE = YES_ERROR;
				GCC_WARN_UNDECLARED_SELECTOR = YES;
				GCC_WARN_UNINITIALIZED_AUTOS = YES_AGGRESSIVE;
				GCC_WARN_UNUSED_FUNCTION = YES;
				GCC_WARN_UNUSED_VARIABLE = YES;
				IPHONEOS_DEPLOYMENT_TARGET = 8.0;
				MTL_ENABLE_DEBUG_INFO = YES;
				ONLY_ACTIVE_ARCH = YES;
				SDKROOT = iphoneos;
				TARGETED_DEVICE_FAMILY = "1,2";
			};
			name = Debug;
		};
		14E1A67C19D84A4700A198A8 /* Release */ = {
			isa = XCBuildConfiguration;
			buildSettings = {
				ALWAYS_SEARCH_USER_PATHS = NO;
				CLANG_CXX_LANGUAGE_STANDARD = "gnu++0x";
				CLANG_CXX_LIBRARY = "libc++";
				CLANG_ENABLE_MODULES = YES;
				CLANG_ENABLE_OBJC_ARC = YES;
				CLANG_WARN_BOOL_CONVERSION = YES;
				CLANG_WARN_CONSTANT_CONVERSION = YES;
				CLANG_WARN_DIRECT_OBJC_ISA_USAGE = YES_ERROR;
				CLANG_WARN_EMPTY_BODY = YES;
				CLANG_WARN_ENUM_CONVERSION = YES;
				CLANG_WARN_INT_CONVERSION = YES;
				CLANG_WARN_OBJC_ROOT_CLASS = YES_ERROR;
				CLANG_WARN_UNREACHABLE_CODE = YES;
				CLANG_WARN__DUPLICATE_METHOD_MATCH = YES;
				"CODE_SIGN_IDENTITY[sdk=iphoneos*]" = "iPhone Developer";
				COPY_PHASE_STRIP = YES;
				ENABLE_NS_ASSERTIONS = NO;
				ENABLE_STRICT_OBJC_MSGSEND = YES;
				GCC_C_LANGUAGE_STANDARD = gnu99;
				GCC_WARN_64_TO_32_BIT_CONVERSION = YES;
				GCC_WARN_ABOUT_RETURN_TYPE = YES_ERROR;
				GCC_WARN_UNDECLARED_SELECTOR = YES;
				GCC_WARN_UNINITIALIZED_AUTOS = YES_AGGRESSIVE;
				GCC_WARN_UNUSED_FUNCTION = YES;
				GCC_WARN_UNUSED_VARIABLE = YES;
				IPHONEOS_DEPLOYMENT_TARGET = 8.0;
				MTL_ENABLE_DEBUG_INFO = NO;
				SDKROOT = iphoneos;
				TARGETED_DEVICE_FAMILY = "1,2";
				VALIDATE_PRODUCT = YES;
			};
			name = Release;
		};
		14E1A67E19D84A4700A198A8 /* Debug */ = {
			isa = XCBuildConfiguration;
			buildSettings = {
				ASSETCATALOG_COMPILER_APPICON_NAME = AppIcon;
				INFOPLIST_FILE = InspectCoreText/Info.plist;
				LD_RUNPATH_SEARCH_PATHS = "$(inherited) @executable_path/Frameworks";
				PRODUCT_NAME = "$(TARGET_NAME)";
			};
			name = Debug;
		};
		14E1A67F19D84A4700A198A8 /* Release */ = {
			isa = XCBuildConfiguration;
			buildSettings = {
				ASSETCATALOG_COMPILER_APPICON_NAME = AppIcon;
				INFOPLIST_FILE = InspectCoreText/Info.plist;
				LD_RUNPATH_SEARCH_PATHS = "$(inherited) @executable_path/Frameworks";
				PRODUCT_NAME = "$(TARGET_NAME)";
			};
			name = Release;
		};
		14E1A68119D84A4700A198A8 /* Debug */ = {
			isa = XCBuildConfiguration;
			buildSettings = {
				BUNDLE_LOADER = "$(TEST_HOST)";
				FRAMEWORK_SEARCH_PATHS = (
					"$(SDKROOT)/Developer/Library/Frameworks",
					"$(inherited)",
				);
				GCC_PREPROCESSOR_DEFINITIONS = (
					"DEBUG=1",
					"$(inherited)",
				);
				INFOPLIST_FILE = InspectCoreTextTests/Info.plist;
				LD_RUNPATH_SEARCH_PATHS = "$(inherited) @executable_path/Frameworks @loader_path/Frameworks";
				PRODUCT_NAME = "$(TARGET_NAME)";
				TEST_HOST = "$(BUILT_PRODUCTS_DIR)/InspectCoreText.app/InspectCoreText";
			};
			name = Debug;
		};
		14E1A68219D84A4700A198A8 /* Release */ = {
			isa = XCBuildConfiguration;
			buildSettings = {
				BUNDLE_LOADER = "$(TEST_HOST)";
				FRAMEWORK_SEARCH_PATHS = (
					"$(SDKROOT)/Developer/Library/Frameworks",
					"$(inherited)",
				);
				INFOPLIST_FILE = InspectCoreTextTests/Info.plist;
				LD_RUNPATH_SEARCH_PATHS = "$(inherited) @executable_path/Frameworks @loader_path/Frameworks";
				PRODUCT_NAME = "$(TARGET_NAME)";
				TEST_HOST = "$(BUILT_PRODUCTS_DIR)/InspectCoreText.app/InspectCoreText";
			};
			name = Release;
		};
/* End XCBuildConfiguration section */

/* Begin XCConfigurationList section */
		14E1A65519D84A4700A198A8 /* Build configuration list for PBXProject "InspectCoreText" */ = {
			isa = XCConfigurationList;
			buildConfigurations = (
				14E1A67B19D84A4700A198A8 /* Debug */,
				14E1A67C19D84A4700A198A8 /* Release */,
			);
			defaultConfigurationIsVisible = 0;
			defaultConfigurationName = Release;
		};
		14E1A67D19D84A4700A198A8 /* Build configuration list for PBXNativeTarget "InspectCoreText" */ = {
			isa = XCConfigurationList;
			buildConfigurations = (
				14E1A67E19D84A4700A198A8 /* Debug */,
				14E1A67F19D84A4700A198A8 /* Release */,
			);
			defaultConfigurationIsVisible = 0;
			defaultConfigurationName = Release;
		};
		14E1A68019D84A4700A198A8 /* Build configuration list for PBXNativeTarget "InspectCoreTextTests" */ = {
			isa = XCConfigurationList;
			buildConfigurations = (
				14E1A68119D84A4700A198A8 /* Debug */,
				14E1A68219D84A4700A198A8 /* Release */,
			);
			defaultConfigurationIsVisible = 0;
			defaultConfigurationName = Release;
		};
/* End XCConfigurationList section */
	};
	rootObject = 14E1A65219D84A4700A198A8 /* Project object */;
}
